{
  "name": "abort-controller-polyfill",
  "version": "0.0.1",
  "lockfileVersion": 1,
  "requires": true,
  "dependencies": {
    "event-target-polyfill": {
      "version": "0.0.1",
      "resolved": "https://registry.npmjs.org/event-target-polyfill/-/event-target-polyfill-0.0.1.tgz",
      "integrity": "sha512-gE3tBz76Mejnk9PCeEMtGpo14Yg0XwMlxtBLFi0qb133LiWmybXz3xW9+9jFAKtZOfcDdaQNAp8XIIrfI9loqg=="
    }
  }
}
