{
  "name": "yet-another-abortcontroller-polyfill",
  "version": "0.0.3",
  "lockfileVersion": 2,
  "requires": true,
  "packages": {
    "": {
      "name": "yet-another-abortcontroller-polyfill",
      "version": "0.0.3",
      "license": "MIT",
      "devDependencies": {
        "event-target-polyfill": "0.0.3"
      }
    },
    "node_modules/event-target-polyfill": {
      "version": "0.0.3",
      "resolved": "https://registry.npmjs.org/event-target-polyfill/-/event-target-polyfill-0.0.3.tgz",
      "integrity": "sha512-ZMc6UuvmbinrCk4RzGyVmRyIsAyxMRlp4CqSrcQRO8Dy0A9ldbiRy5kdtBj4OtP7EClGdqGfIqo9JmOClMsGLQ==",
      "dev": true,
      "license": "MIT"
    }
  },
  "dependencies": {
    "event-target-polyfill": {
      "version": "0.0.3",
      "resolved": "https://registry.npmjs.org/event-target-polyfill/-/event-target-polyfill-0.0.3.tgz",
      "integrity": "sha512-ZMc6UuvmbinrCk4RzGyVmRyIsAyxMRlp4CqSrcQRO8Dy0A9ldbiRy5kdtBj4OtP7EClGdqGfIqo9JmOClMsGLQ==",
      "dev": true
    }
  }
}
