{
  "name": "yet-another-abortcontroller-polyfill",
  "version": "0.0.2",
  "lockfileVersion": 1,
  "requires": true,
  "dependencies": {
    "event-target-polyfill": {
      "version": "0.0.2",
      "resolved": "https://registry.npmjs.org/event-target-polyfill/-/event-target-polyfill-0.0.2.tgz",
      "integrity": "sha512-m7I5gwno/p6H0wRJ7jsjJnbdcA8Do3mAf57vUphb1X+DUHAEMhjUmg8MBAaFsB/BtUCXUl70mUPr0Iw3dvdaqQ==",
      "dev": true
    }
  }
}
